<Solution>
  <Folder Name="/tests/">
    <Project Path="tests/Customer.Business.Tests/Customer.Business.Tests.csproj" Id="0324cf25-00e1-4d0a-affb-6072a042d559" />
  </Folder>
  <Project Path="Customer.Api/Customer.Api.csproj" Id="9c99b3c7-3bd3-4de0-aa63-f912b115ce49" />
  <Project Path="Customer.Business/Customer.Business.csproj" Id="b6ad54dc-abc8-4317-b2b9-2064dd804da7" />
  <Project Path="Customer.Data/Customer.Data.csproj" Id="214a4ff6-c8a8-4849-a460-fc84a21948d0" />
  <Project Path="Customer.Entities/Customer.Entities.csproj" Id="3f381929-3772-4a95-9cc8-63fd43b22d8b" />
</Solution>
